
Microsoft Visual Studio Solution File, Format Version 12.00
# Visual Studio 15
VisualStudioVersion = 15.0.28307.438
MinimumVisualStudioVersion = 10.0.40219.1
Project("{888888A0-9F3D-457C-B088-3A5042F75D52}") = "kubios_import", "kubios_import\kubios_import.pyproj", "{81266D49-722E-460E-BB9D-E771F04CDF31}"
EndProject
Global
	GlobalSection(SolutionConfigurationPlatforms) = preSolution
		Debug|Any CPU = Debug|Any CPU
		Release|Any CPU = Release|Any CPU
	EndGlobalSection
	GlobalSection(ProjectConfigurationPlatforms) = postSolution
		{81266D49-722E-460E-BB9D-E771F04CDF31}.Debug|Any CPU.ActiveCfg = Debug|Any CPU
		{81266D49-722E-460E-BB9D-E771F04CDF31}.Release|Any CPU.ActiveCfg = Release|Any CPU
	EndGlobalSection
	GlobalSection(SolutionProperties) = preSolution
		HideSolutionNode = FALSE
	EndGlobalSection
	GlobalSection(ExtensibilityGlobals) = postSolution
		SolutionGuid = {40D8FF05-B9DA-4970-9D54-DF92281109AB}
	EndGlobalSection
EndGlobal
